{
  "version": 4,
  "terraform_version": "1.8.5",
  "serial": 25,
  "lineage": "78b8829b-c5b1-6687-18db-8af39ebf57e3",
  "outputs": {
    "ecr_repo_url": {
      "value": "986363585035.dkr.ecr.us-east-1.amazonaws.com/lending-app-frontend",
      "type": "string"
    }
  },
  "resources": [
    {
      "mode": "managed",
      "type": "aws_ecr_repository",
      "name": "this",
      "provider": "provider[\"registry.terraform.io/hashicorp/aws\"]",
      "instances": [
        {
          "schema_version": 0,
          "attributes": {
            "arn": "arn:aws:ecr:us-east-1:986363585035:repository/lending-app-frontend",
            "encryption_configuration": [
              {
                "encryption_type": "AES256",
                "kms_key": ""
              }
            ],
            "force_delete": null,
            "id": "lending-app-frontend",
            "image_scanning_configuration": [
              {
                "scan_on_push": false
              }
            ],
            "image_tag_mutability": "MUTABLE",
            "name": "lending-app-frontend",
            "registry_id": "986363585035",
            "repository_url": "986363585035.dkr.ecr.us-east-1.amazonaws.com/lending-app-frontend",
            "tags": {},
            "tags_all": {},
            "timeouts": null
          },
          "sensitive_attributes": [],
          "private": "eyJlMmJmYjczMC1lY2FhLTExZTYtOGY4OC0zNDM2M2JjN2M0YzAiOnsiZGVsZXRlIjoxMjAwMDAwMDAwMDAwfX0="
        }
      ]
    }
  ],
  "check_results": null
}
